
Microsoft Visual Studio Solution File, Format Version 12.00
# Visual Studio Version 16
VisualStudioVersion = 16.0.30204.135
MinimumVisualStudioVersion = 10.0.40219.1
Project("{FAE04EC0-301F-11D3-BF4B-00C04F79EFBC}") = "SalesWebMvc", "SalesWebMvc\SalesWebMvc.csproj", "{650F16F9-179F-4123-A726-36EA5F204D57}"
EndProject
Global
	GlobalSection(SolutionConfigurationPlatforms) = preSolution
		Debug|Any CPU = Debug|Any CPU
		Release|Any CPU = Release|Any CPU
	EndGlobalSection
	GlobalSection(ProjectConfigurationPlatforms) = postSolution
		{650F16F9-179F-4123-A726-36EA5F204D57}.Debug|Any CPU.ActiveCfg = Debug|Any CPU
		{650F16F9-179F-4123-A726-36EA5F204D57}.Debug|Any CPU.Build.0 = Debug|Any CPU
		{650F16F9-179F-4123-A726-36EA5F204D57}.Release|Any CPU.ActiveCfg = Release|Any CPU
		{650F16F9-179F-4123-A726-36EA5F204D57}.Release|Any CPU.Build.0 = Release|Any CPU
	EndGlobalSection
	GlobalSection(SolutionProperties) = preSolution
		HideSolutionNode = FALSE
	EndGlobalSection
	GlobalSection(ExtensibilityGlobals) = postSolution
		SolutionGuid = {B7064272-D57C-4D7E-942F-AE2D77738B50}
	EndGlobalSection
EndGlobal
